
Microsoft Visual Studio Solution File, Format Version 11.00
# Visual Studio 2010
Project("{2150E333-8FDC-42A3-9474-1A3956D46DE8}") = "Solution Items", "Solution Items", "{05D14CA9-DD5E-431A-A94C-EC0F5BB3B6D2}"
	ProjectSection(SolutionItems) = preProject
		CoreInfo.cs = CoreInfo.cs
		CustomDictionary.xml = CustomDictionary.xml
		LocalTestRun.testrunconfig = LocalTestRun.testrunconfig
		OutlookInfo.cs = OutlookInfo.cs
		SolutionInfo.cs = SolutionInfo.cs
		Design\Visio\Sync.vsd = Design\Visio\Sync.vsd
		SyncML.msbuild = SyncML.msbuild
		SyncML.vsmdi = SyncML.vsmdi
	EndProjectSection
EndProject
Project("{2150E333-8FDC-42A3-9474-1A3956D46DE8}") = "OpenContactsSync", "OpenContactsSync", "{F96F0A51-8205-4C56-9D62-D5ECAB161DC7}"
EndProject
Project("{2150E333-8FDC-42A3-9474-1A3956D46DE8}") = "Core", "Core", "{E7FBBC82-8264-495F-88BB-290D1D9634F7}"
EndProject
Project("{2150E333-8FDC-42A3-9474-1A3956D46DE8}") = "Tests", "Tests", "{67CD6477-0D59-44A2-BB27-F5574AD65F59}"
EndProject
Project("{2150E333-8FDC-42A3-9474-1A3956D46DE8}") = "OutlookSync", "OutlookSync", "{771D1878-5F5D-40A7-90A5-08A3655D370F}"
EndProject
Project("{FAE04EC0-301F-11D3-BF4B-00C04F79EFBC}") = "OCPlatformProvider", "OCPlatformProvider\OCPlatformProvider.csproj", "{DD5DF3E6-0D1B-42A0-A048-F9DEA5F65E0C}"
EndProject
Project("{FAE04EC0-301F-11D3-BF4B-00C04F79EFBC}") = "SyncCommonFunc", "SyncCommonFunc\SyncCommonFunc.csproj", "{1C6C8F32-DFAB-47D8-8893-354560DBE84B}"
EndProject
Project("{FAE04EC0-301F-11D3-BF4B-00C04F79EFBC}") = "SyncCommonUI", "SyncCommonUI\SyncCommonUI.csproj", "{41447516-B4F7-4104-8FFA-6689EFD3F699}"
EndProject
Project("{FAE04EC0-301F-11D3-BF4B-00C04F79EFBC}") = "SyncMLElements", "SyncMLElements\SyncMLElements.csproj", "{DA16AB4B-8352-4A7D-89F2-2714E8D4678E}"
EndProject
Project("{FAE04EC0-301F-11D3-BF4B-00C04F79EFBC}") = "TestSyncMLElements", "TestSyncMLElements\TestSyncMLElements.csproj", "{4463AC3C-4590-44E4-BFC1-BA2AD44FF8F2}"
EndProject
Project("{FAE04EC0-301F-11D3-BF4B-00C04F79EFBC}") = "SyncMLFacade", "SyncMLFacade\SyncMLFacade.csproj", "{CAF171AF-B17C-4B0A-999F-964D43093891}"
EndProject
Project("{FAE04EC0-301F-11D3-BF4B-00C04F79EFBC}") = "OCLocalDataSource", "OCLocalDataSource\OCLocalDataSource.csproj", "{BAD76931-4B29-43ED-B487-863D43477C10}"
EndProject
Project("{FAE04EC0-301F-11D3-BF4B-00C04F79EFBC}") = "TestFunctions", "TestFunctions\TestFunctions.csproj", "{A15385F7-0CFC-4B8D-94D0-682D0F7B4626}"
EndProject
Project("{54435603-DBB4-11D2-8724-00A0C9A8B90C}") = "OcSyncMLSetup", "OcSyncMLSetup\OcSyncMLSetup.vdproj", "{48BCA197-5127-4FFC-8C33-4586439557B1}"
	ProjectSection(ProjectDependencies) = postProject
		{BAD76931-4B29-43ED-B487-863D43477C10} = {BAD76931-4B29-43ED-B487-863D43477C10}
		{DD5DF3E6-0D1B-42A0-A048-F9DEA5F65E0C} = {DD5DF3E6-0D1B-42A0-A048-F9DEA5F65E0C}
	EndProjectSection
EndProject
Project("{FAE04EC0-301F-11D3-BF4B-00C04F79EFBC}") = "TestOcLocalDataSource", "TestOcLocalDataSource\TestOcLocalDataSource.csproj", "{D611B623-CA31-4153-A77A-9D71F93E772A}"
EndProject
Project("{FAE04EC0-301F-11D3-BF4B-00C04F79EFBC}") = "SyncMLDataSourceShared", "SyncMLDataSourceShared\SyncMLDataSourceShared.csproj", "{B2A358B7-7EE6-4F9F-B903-317BF9F773E0}"
EndProject
Project("{FAE04EC0-301F-11D3-BF4B-00C04F79EFBC}") = "SyncMLForOc", "SyncMLForOc\SyncMLForOc.csproj", "{866D0647-DC32-4C95-9CC2-B0899AFE1693}"
EndProject
Project("{FAE04EC0-301F-11D3-BF4B-00C04F79EFBC}") = "OutlookContacts", "OutlookContacts\OutlookContacts.csproj", "{F008961E-387D-4AC1-A5C7-BABF093853DA}"
EndProject
Project("{FAE04EC0-301F-11D3-BF4B-00C04F79EFBC}") = "TestOutlookSync", "TestOutlookSync\TestOutlookSync.csproj", "{FA2FC894-998F-4D9E-A3FA-FDBCBB11C2F2}"
EndProject
Project("{FAE04EC0-301F-11D3-BF4B-00C04F79EFBC}") = "MsOutlookSync", "MsOutlookSync\MsOutlookSync.csproj", "{B658979F-7B55-4EF3-831C-A6BDFC855173}"
EndProject
Project("{FAE04EC0-301F-11D3-BF4B-00C04F79EFBC}") = "OutlookCommon", "OutlookCommon\OutlookCommon.csproj", "{857BD4AE-B7F9-48C5-B8A1-1250AD0D8343}"
EndProject
Project("{FAE04EC0-301F-11D3-BF4B-00C04F79EFBC}") = "OutlookCalendar", "OutlookCalendar\OutlookCalendar.csproj", "{4A7F7A21-A8C2-40E7-9446-15168E18E444}"
EndProject
Project("{FAE04EC0-301F-11D3-BF4B-00C04F79EFBC}") = "MultiSyncUI", "MultiSyncUI\MultiSyncUI.csproj", "{AE3674C2-988D-4206-8B22-61D72AA198DA}"
EndProject
Project("{FAE04EC0-301F-11D3-BF4B-00C04F79EFBC}") = "OutlookNotes", "OutlookNotes\OutlookNotes.csproj", "{B5B67EE1-DC8D-45DA-BEBC-72DC50673579}"
EndProject
Project("{FAE04EC0-301F-11D3-BF4B-00C04F79EFBC}") = "OutlookTasks", "OutlookTasks\OutlookTasks.csproj", "{F1B91A6A-73AA-4A71-9AC9-B667BC751A90}"
EndProject
Project("{FAE04EC0-301F-11D3-BF4B-00C04F79EFBC}") = "OpenContactsDataSource", "OpenContactsDataSource\OpenContactsDataSource.csproj", "{7CAFFFCC-5930-4613-A9FE-BED83738BF0E}"
EndProject
Project("{FAE04EC0-301F-11D3-BF4B-00C04F79EFBC}") = "OutlookSyncMLAddIn", "OutlookSyncMLAddIn\OutlookSyncMLAddIn.csproj", "{2DB036E6-57DA-4E23-B700-22DA88823D1F}"
EndProject
Project("{54435603-DBB4-11D2-8724-00A0C9A8B90C}") = "SetupOutlookSyncMLAddin", "SetupOutlookSyncMLAddin\SetupOutlookSyncMLAddin.vdproj", "{9EDC93C2-8AB3-4882-97BB-117130AB7460}"
EndProject
Global
	GlobalSection(TestCaseManagementSettings) = postSolution
		CategoryFile = SyncML.vsmdi
	EndGlobalSection
	GlobalSection(SolutionConfigurationPlatforms) = preSolution
		Debug|Any CPU = Debug|Any CPU
		Release|Any CPU = Release|Any CPU
	EndGlobalSection
	GlobalSection(ProjectConfigurationPlatforms) = postSolution
		{DD5DF3E6-0D1B-42A0-A048-F9DEA5F65E0C}.Debug|Any CPU.ActiveCfg = Debug|Any CPU
		{DD5DF3E6-0D1B-42A0-A048-F9DEA5F65E0C}.Debug|Any CPU.Build.0 = Debug|Any CPU
		{DD5DF3E6-0D1B-42A0-A048-F9DEA5F65E0C}.Release|Any CPU.ActiveCfg = Release|Any CPU
		{DD5DF3E6-0D1B-42A0-A048-F9DEA5F65E0C}.Release|Any CPU.Build.0 = Release|Any CPU
		{1C6C8F32-DFAB-47D8-8893-354560DBE84B}.Debug|Any CPU.ActiveCfg = Debug|Any CPU
		{1C6C8F32-DFAB-47D8-8893-354560DBE84B}.Debug|Any CPU.Build.0 = Debug|Any CPU
		{1C6C8F32-DFAB-47D8-8893-354560DBE84B}.Release|Any CPU.ActiveCfg = Release|Any CPU
		{1C6C8F32-DFAB-47D8-8893-354560DBE84B}.Release|Any CPU.Build.0 = Release|Any CPU
		{41447516-B4F7-4104-8FFA-6689EFD3F699}.Debug|Any CPU.ActiveCfg = Debug|Any CPU
		{41447516-B4F7-4104-8FFA-6689EFD3F699}.Debug|Any CPU.Build.0 = Debug|Any CPU
		{41447516-B4F7-4104-8FFA-6689EFD3F699}.Release|Any CPU.ActiveCfg = Release|Any CPU
		{41447516-B4F7-4104-8FFA-6689EFD3F699}.Release|Any CPU.Build.0 = Release|Any CPU
		{DA16AB4B-8352-4A7D-89F2-2714E8D4678E}.Debug|Any CPU.ActiveCfg = Debug|Any CPU
		{DA16AB4B-8352-4A7D-89F2-2714E8D4678E}.Debug|Any CPU.Build.0 = Debug|Any CPU
		{DA16AB4B-8352-4A7D-89F2-2714E8D4678E}.Release|Any CPU.ActiveCfg = Release|Any CPU
		{DA16AB4B-8352-4A7D-89F2-2714E8D4678E}.Release|Any CPU.Build.0 = Release|Any CPU
		{4463AC3C-4590-44E4-BFC1-BA2AD44FF8F2}.Debug|Any CPU.ActiveCfg = Debug|Any CPU
		{4463AC3C-4590-44E4-BFC1-BA2AD44FF8F2}.Debug|Any CPU.Build.0 = Debug|Any CPU
		{4463AC3C-4590-44E4-BFC1-BA2AD44FF8F2}.Release|Any CPU.ActiveCfg = Release|Any CPU
		{4463AC3C-4590-44E4-BFC1-BA2AD44FF8F2}.Release|Any CPU.Build.0 = Release|Any CPU
		{CAF171AF-B17C-4B0A-999F-964D43093891}.Debug|Any CPU.ActiveCfg = Debug|Any CPU
		{CAF171AF-B17C-4B0A-999F-964D43093891}.Debug|Any CPU.Build.0 = Debug|Any CPU
		{CAF171AF-B17C-4B0A-999F-964D43093891}.Release|Any CPU.ActiveCfg = Release|Any CPU
		{CAF171AF-B17C-4B0A-999F-964D43093891}.Release|Any CPU.Build.0 = Release|Any CPU
		{BAD76931-4B29-43ED-B487-863D43477C10}.Debug|Any CPU.ActiveCfg = Debug|Any CPU
		{BAD76931-4B29-43ED-B487-863D43477C10}.Debug|Any CPU.Build.0 = Debug|Any CPU
		{BAD76931-4B29-43ED-B487-863D43477C10}.Release|Any CPU.ActiveCfg = Release|Any CPU
		{BAD76931-4B29-43ED-B487-863D43477C10}.Release|Any CPU.Build.0 = Release|Any CPU
		{A15385F7-0CFC-4B8D-94D0-682D0F7B4626}.Debug|Any CPU.ActiveCfg = Debug|Any CPU
		{A15385F7-0CFC-4B8D-94D0-682D0F7B4626}.Debug|Any CPU.Build.0 = Debug|Any CPU
		{A15385F7-0CFC-4B8D-94D0-682D0F7B4626}.Release|Any CPU.ActiveCfg = Release|Any CPU
		{A15385F7-0CFC-4B8D-94D0-682D0F7B4626}.Release|Any CPU.Build.0 = Release|Any CPU
		{48BCA197-5127-4FFC-8C33-4586439557B1}.Debug|Any CPU.ActiveCfg = Debug
		{48BCA197-5127-4FFC-8C33-4586439557B1}.Release|Any CPU.ActiveCfg = Release
		{D611B623-CA31-4153-A77A-9D71F93E772A}.Debug|Any CPU.ActiveCfg = Debug|Any CPU
		{D611B623-CA31-4153-A77A-9D71F93E772A}.Debug|Any CPU.Build.0 = Debug|Any CPU
		{D611B623-CA31-4153-A77A-9D71F93E772A}.Release|Any CPU.ActiveCfg = Release|Any CPU
		{D611B623-CA31-4153-A77A-9D71F93E772A}.Release|Any CPU.Build.0 = Release|Any CPU
		{B2A358B7-7EE6-4F9F-B903-317BF9F773E0}.Debug|Any CPU.ActiveCfg = Debug|Any CPU
		{B2A358B7-7EE6-4F9F-B903-317BF9F773E0}.Debug|Any CPU.Build.0 = Debug|Any CPU
		{B2A358B7-7EE6-4F9F-B903-317BF9F773E0}.Release|Any CPU.ActiveCfg = Release|Any CPU
		{B2A358B7-7EE6-4F9F-B903-317BF9F773E0}.Release|Any CPU.Build.0 = Release|Any CPU
		{866D0647-DC32-4C95-9CC2-B0899AFE1693}.Debug|Any CPU.ActiveCfg = Debug|Any CPU
		{866D0647-DC32-4C95-9CC2-B0899AFE1693}.Debug|Any CPU.Build.0 = Debug|Any CPU
		{866D0647-DC32-4C95-9CC2-B0899AFE1693}.Release|Any CPU.ActiveCfg = Release|Any CPU
		{866D0647-DC32-4C95-9CC2-B0899AFE1693}.Release|Any CPU.Build.0 = Release|Any CPU
		{F008961E-387D-4AC1-A5C7-BABF093853DA}.Debug|Any CPU.ActiveCfg = Debug|Any CPU
		{F008961E-387D-4AC1-A5C7-BABF093853DA}.Debug|Any CPU.Build.0 = Debug|Any CPU
		{F008961E-387D-4AC1-A5C7-BABF093853DA}.Release|Any CPU.ActiveCfg = Release|Any CPU
		{F008961E-387D-4AC1-A5C7-BABF093853DA}.Release|Any CPU.Build.0 = Release|Any CPU
		{FA2FC894-998F-4D9E-A3FA-FDBCBB11C2F2}.Debug|Any CPU.ActiveCfg = Debug|Any CPU
		{FA2FC894-998F-4D9E-A3FA-FDBCBB11C2F2}.Debug|Any CPU.Build.0 = Debug|Any CPU
		{FA2FC894-998F-4D9E-A3FA-FDBCBB11C2F2}.Release|Any CPU.ActiveCfg = Release|Any CPU
		{FA2FC894-998F-4D9E-A3FA-FDBCBB11C2F2}.Release|Any CPU.Build.0 = Release|Any CPU
		{B658979F-7B55-4EF3-831C-A6BDFC855173}.Debug|Any CPU.ActiveCfg = Debug|Any CPU
		{B658979F-7B55-4EF3-831C-A6BDFC855173}.Debug|Any CPU.Build.0 = Debug|Any CPU
		{B658979F-7B55-4EF3-831C-A6BDFC855173}.Release|Any CPU.ActiveCfg = Release|Any CPU
		{B658979F-7B55-4EF3-831C-A6BDFC855173}.Release|Any CPU.Build.0 = Release|Any CPU
		{857BD4AE-B7F9-48C5-B8A1-1250AD0D8343}.Debug|Any CPU.ActiveCfg = Debug|Any CPU
		{857BD4AE-B7F9-48C5-B8A1-1250AD0D8343}.Debug|Any CPU.Build.0 = Debug|Any CPU
		{857BD4AE-B7F9-48C5-B8A1-1250AD0D8343}.Release|Any CPU.ActiveCfg = Release|Any CPU
		{857BD4AE-B7F9-48C5-B8A1-1250AD0D8343}.Release|Any CPU.Build.0 = Release|Any CPU
		{4A7F7A21-A8C2-40E7-9446-15168E18E444}.Debug|Any CPU.ActiveCfg = Debug|Any CPU
		{4A7F7A21-A8C2-40E7-9446-15168E18E444}.Debug|Any CPU.Build.0 = Debug|Any CPU
		{4A7F7A21-A8C2-40E7-9446-15168E18E444}.Release|Any CPU.ActiveCfg = Release|Any CPU
		{4A7F7A21-A8C2-40E7-9446-15168E18E444}.Release|Any CPU.Build.0 = Release|Any CPU
		{AE3674C2-988D-4206-8B22-61D72AA198DA}.Debug|Any CPU.ActiveCfg = Debug|Any CPU
		{AE3674C2-988D-4206-8B22-61D72AA198DA}.Debug|Any CPU.Build.0 = Debug|Any CPU
		{AE3674C2-988D-4206-8B22-61D72AA198DA}.Release|Any CPU.ActiveCfg = Release|Any CPU
		{AE3674C2-988D-4206-8B22-61D72AA198DA}.Release|Any CPU.Build.0 = Release|Any CPU
		{B5B67EE1-DC8D-45DA-BEBC-72DC50673579}.Debug|Any CPU.ActiveCfg = Debug|Any CPU
		{B5B67EE1-DC8D-45DA-BEBC-72DC50673579}.Debug|Any CPU.Build.0 = Debug|Any CPU
		{B5B67EE1-DC8D-45DA-BEBC-72DC50673579}.Release|Any CPU.ActiveCfg = Release|Any CPU
		{B5B67EE1-DC8D-45DA-BEBC-72DC50673579}.Release|Any CPU.Build.0 = Release|Any CPU
		{F1B91A6A-73AA-4A71-9AC9-B667BC751A90}.Debug|Any CPU.ActiveCfg = Debug|Any CPU
		{F1B91A6A-73AA-4A71-9AC9-B667BC751A90}.Debug|Any CPU.Build.0 = Debug|Any CPU
		{F1B91A6A-73AA-4A71-9AC9-B667BC751A90}.Release|Any CPU.ActiveCfg = Release|Any CPU
		{F1B91A6A-73AA-4A71-9AC9-B667BC751A90}.Release|Any CPU.Build.0 = Release|Any CPU
		{7CAFFFCC-5930-4613-A9FE-BED83738BF0E}.Debug|Any CPU.ActiveCfg = Debug|Any CPU
		{7CAFFFCC-5930-4613-A9FE-BED83738BF0E}.Debug|Any CPU.Build.0 = Debug|Any CPU
		{7CAFFFCC-5930-4613-A9FE-BED83738BF0E}.Release|Any CPU.ActiveCfg = Release|Any CPU
		{7CAFFFCC-5930-4613-A9FE-BED83738BF0E}.Release|Any CPU.Build.0 = Release|Any CPU
		{2DB036E6-57DA-4E23-B700-22DA88823D1F}.Debug|Any CPU.ActiveCfg = Debug|Any CPU
		{2DB036E6-57DA-4E23-B700-22DA88823D1F}.Debug|Any CPU.Build.0 = Debug|Any CPU
		{2DB036E6-57DA-4E23-B700-22DA88823D1F}.Release|Any CPU.ActiveCfg = Release|Any CPU
		{2DB036E6-57DA-4E23-B700-22DA88823D1F}.Release|Any CPU.Build.0 = Release|Any CPU
		{9EDC93C2-8AB3-4882-97BB-117130AB7460}.Debug|Any CPU.ActiveCfg = Debug
		{9EDC93C2-8AB3-4882-97BB-117130AB7460}.Release|Any CPU.ActiveCfg = Release
	EndGlobalSection
	GlobalSection(SolutionProperties) = preSolution
		HideSolutionNode = FALSE
	EndGlobalSection
	GlobalSection(NestedProjects) = preSolution
		{DD5DF3E6-0D1B-42A0-A048-F9DEA5F65E0C} = {F96F0A51-8205-4C56-9D62-D5ECAB161DC7}
		{BAD76931-4B29-43ED-B487-863D43477C10} = {F96F0A51-8205-4C56-9D62-D5ECAB161DC7}
		{48BCA197-5127-4FFC-8C33-4586439557B1} = {F96F0A51-8205-4C56-9D62-D5ECAB161DC7}
		{866D0647-DC32-4C95-9CC2-B0899AFE1693} = {F96F0A51-8205-4C56-9D62-D5ECAB161DC7}
		{7CAFFFCC-5930-4613-A9FE-BED83738BF0E} = {F96F0A51-8205-4C56-9D62-D5ECAB161DC7}
		{1C6C8F32-DFAB-47D8-8893-354560DBE84B} = {E7FBBC82-8264-495F-88BB-290D1D9634F7}
		{41447516-B4F7-4104-8FFA-6689EFD3F699} = {E7FBBC82-8264-495F-88BB-290D1D9634F7}
		{DA16AB4B-8352-4A7D-89F2-2714E8D4678E} = {E7FBBC82-8264-495F-88BB-290D1D9634F7}
		{CAF171AF-B17C-4B0A-999F-964D43093891} = {E7FBBC82-8264-495F-88BB-290D1D9634F7}
		{B2A358B7-7EE6-4F9F-B903-317BF9F773E0} = {E7FBBC82-8264-495F-88BB-290D1D9634F7}
		{AE3674C2-988D-4206-8B22-61D72AA198DA} = {E7FBBC82-8264-495F-88BB-290D1D9634F7}
		{4463AC3C-4590-44E4-BFC1-BA2AD44FF8F2} = {67CD6477-0D59-44A2-BB27-F5574AD65F59}
		{A15385F7-0CFC-4B8D-94D0-682D0F7B4626} = {67CD6477-0D59-44A2-BB27-F5574AD65F59}
		{D611B623-CA31-4153-A77A-9D71F93E772A} = {67CD6477-0D59-44A2-BB27-F5574AD65F59}
		{FA2FC894-998F-4D9E-A3FA-FDBCBB11C2F2} = {67CD6477-0D59-44A2-BB27-F5574AD65F59}
		{F008961E-387D-4AC1-A5C7-BABF093853DA} = {771D1878-5F5D-40A7-90A5-08A3655D370F}
		{B658979F-7B55-4EF3-831C-A6BDFC855173} = {771D1878-5F5D-40A7-90A5-08A3655D370F}
		{857BD4AE-B7F9-48C5-B8A1-1250AD0D8343} = {771D1878-5F5D-40A7-90A5-08A3655D370F}
		{4A7F7A21-A8C2-40E7-9446-15168E18E444} = {771D1878-5F5D-40A7-90A5-08A3655D370F}
		{B5B67EE1-DC8D-45DA-BEBC-72DC50673579} = {771D1878-5F5D-40A7-90A5-08A3655D370F}
		{F1B91A6A-73AA-4A71-9AC9-B667BC751A90} = {771D1878-5F5D-40A7-90A5-08A3655D370F}
		{2DB036E6-57DA-4E23-B700-22DA88823D1F} = {771D1878-5F5D-40A7-90A5-08A3655D370F}
		{9EDC93C2-8AB3-4882-97BB-117130AB7460} = {771D1878-5F5D-40A7-90A5-08A3655D370F}
	EndGlobalSection
EndGlobal
